
Microsoft Visual Studio Solution File, Format Version 12.00
# Visual Studio 2012
Project("{FAE04EC0-301F-11D3-BF4B-00C04F79EFBC}") = "Schaeflein.Community.ContentOrganizerLink", "Schaeflein.Community.ContentOrganizerLink.csproj", "{17F7930A-356B-4D8F-96B2-0F9D617E2A34}"
EndProject
Global
	GlobalSection(SolutionConfigurationPlatforms) = preSolution
		Debug|Any CPU = Debug|Any CPU
		Debug-Sandbox|Any CPU = Debug-Sandbox|Any CPU
		Release|Any CPU = Release|Any CPU
	EndGlobalSection
	GlobalSection(ProjectConfigurationPlatforms) = postSolution
		{17F7930A-356B-4D8F-96B2-0F9D617E2A34}.Debug|Any CPU.ActiveCfg = Debug|Any CPU
		{17F7930A-356B-4D8F-96B2-0F9D617E2A34}.Debug|Any CPU.Build.0 = Debug|Any CPU
		{17F7930A-356B-4D8F-96B2-0F9D617E2A34}.Debug|Any CPU.Deploy.0 = Debug|Any CPU
		{17F7930A-356B-4D8F-96B2-0F9D617E2A34}.Debug-Sandbox|Any CPU.ActiveCfg = Debug|Any CPU
		{17F7930A-356B-4D8F-96B2-0F9D617E2A34}.Debug-Sandbox|Any CPU.Build.0 = Debug|Any CPU
		{17F7930A-356B-4D8F-96B2-0F9D617E2A34}.Debug-Sandbox|Any CPU.Deploy.0 = Debug|Any CPU
		{17F7930A-356B-4D8F-96B2-0F9D617E2A34}.Release|Any CPU.ActiveCfg = Release|Any CPU
		{17F7930A-356B-4D8F-96B2-0F9D617E2A34}.Release|Any CPU.Build.0 = Release|Any CPU
		{17F7930A-356B-4D8F-96B2-0F9D617E2A34}.Release|Any CPU.Deploy.0 = Release|Any CPU
	EndGlobalSection
	GlobalSection(SolutionProperties) = preSolution
		HideSolutionNode = FALSE
	EndGlobalSection
EndGlobal
